
Microsoft Visual Studio Solution File, Format Version 12.00
# Visual Studio 14
VisualStudioVersion = 14.0.25420.1
MinimumVisualStudioVersion = 10.0.40219.1
Project("{FAE04EC0-301F-11D3-BF4B-00C04F79EFBC}") = "Game3", "Game3\Game3.csproj", "{AF8B8A08-669A-4586-9D7B-FF15D535630C}"
EndProject
Global
	GlobalSection(SolutionConfigurationPlatforms) = preSolution
		Debug|x86 = Debug|x86
		Release|x86 = Release|x86
	EndGlobalSection
	GlobalSection(ProjectConfigurationPlatforms) = postSolution
		{AF8B8A08-669A-4586-9D7B-FF15D535630C}.Debug|x86.ActiveCfg = Debug|x86
		{AF8B8A08-669A-4586-9D7B-FF15D535630C}.Debug|x86.Build.0 = Debug|x86
		{AF8B8A08-669A-4586-9D7B-FF15D535630C}.Release|x86.ActiveCfg = Release|x86
		{AF8B8A08-669A-4586-9D7B-FF15D535630C}.Release|x86.Build.0 = Release|x86
	EndGlobalSection
	GlobalSection(SolutionProperties) = preSolution
		HideSolutionNode = FALSE
	EndGlobalSection
EndGlobal
